
Microsoft Visual Studio Solution File, Format Version 11.00
# Visual Studio 2010
Project("{FAE04EC0-301F-11D3-BF4B-00C04F79EFBC}") = "Temple De Run", "Assembly-CSharp.csproj", "{83C424BD-4055-EE6B-C8F4-2817C7F0A1D2}"
EndProject
Project("{FAE04EC0-301F-11D3-BF4B-00C04F79EFBC}") = "Temple De Run", "Assembly-CSharp-firstpass.csproj", "{A27B8C4F-DAA8-D4A2-CEF5-A8B305D0596E}"
EndProject
Global
	GlobalSection(SolutionConfigurationPlatforms) = preSolution
		Debug|Any CPU = Debug|Any CPU
		Release|Any CPU = Release|Any CPU
	EndGlobalSection
	GlobalSection(ProjectConfigurationPlatforms) = postSolution
		{83C424BD-4055-EE6B-C8F4-2817C7F0A1D2}.Debug|Any CPU.ActiveCfg = Debug|Any CPU
		{83C424BD-4055-EE6B-C8F4-2817C7F0A1D2}.Debug|Any CPU.Build.0 = Debug|Any CPU
		{83C424BD-4055-EE6B-C8F4-2817C7F0A1D2}.Release|Any CPU.ActiveCfg = Release|Any CPU
		{83C424BD-4055-EE6B-C8F4-2817C7F0A1D2}.Release|Any CPU.Build.0 = Release|Any CPU
		{A27B8C4F-DAA8-D4A2-CEF5-A8B305D0596E}.Debug|Any CPU.ActiveCfg = Debug|Any CPU
		{A27B8C4F-DAA8-D4A2-CEF5-A8B305D0596E}.Debug|Any CPU.Build.0 = Debug|Any CPU
		{A27B8C4F-DAA8-D4A2-CEF5-A8B305D0596E}.Release|Any CPU.ActiveCfg = Release|Any CPU
		{A27B8C4F-DAA8-D4A2-CEF5-A8B305D0596E}.Release|Any CPU.Build.0 = Release|Any CPU
	EndGlobalSection
	GlobalSection(SolutionProperties) = preSolution
		HideSolutionNode = FALSE
	EndGlobalSection
	GlobalSection(MonoDevelopProperties) = preSolution
		StartupItem = Assembly-CSharp.csproj
	EndGlobalSection
EndGlobal
